Microsoft Visual Studio Solution File, Format Version 12.00
# Visual Studio Version 17
VisualStudioVersion = 17.5.2.0
MinimumVisualStudioVersion = 10.0.40219.1
Project("{FAE04EC0-301F-11D3-BF4B-00C04F79EFBC}") = "blazorchat3", "blazorchat3.csproj", "{738CA634-119B-1159-4EBC-A3875652F87F}"
EndProject
Global
	GlobalSection(SolutionConfigurationPlatforms) = preSolution
		Debug|Any CPU = Debug|Any CPU
		Release|Any CPU = Release|Any CPU
	EndGlobalSection
	GlobalSection(ProjectConfigurationPlatforms) = postSolution
		{738CA634-119B-1159-4EBC-A3875652F87F}.Debug|Any CPU.ActiveCfg = Debug|Any CPU
		{738CA634-119B-1159-4EBC-A3875652F87F}.Debug|Any CPU.Build.0 = Debug|Any CPU
		{738CA634-119B-1159-4EBC-A3875652F87F}.Release|Any CPU.ActiveCfg = Release|Any CPU
		{738CA634-119B-1159-4EBC-A3875652F87F}.Release|Any CPU.Build.0 = Release|Any CPU
	EndGlobalSection
	GlobalSection(SolutionProperties) = preSolution
		HideSolutionNode = FALSE
	EndGlobalSection
	GlobalSection(ExtensibilityGlobals) = postSolution
		SolutionGuid = {5CD82A06-CF54-46DF-A3B1-7B3A9912B173}
	EndGlobalSection
EndGlobal
